
Microsoft Visual Studio Solution File, Format Version 12.00
# Visual Studio 14
VisualStudioVersion = 14.0.24720.0
MinimumVisualStudioVersion = 10.0.40219.1
Project("{FAE04EC0-301F-11D3-BF4B-00C04F79EFBC}") = "SportsStore.Domain", "Domain\SportsStore.Domain.csproj", "{C299196E-4CFE-4E5B-851B-EF93ADD614D5}"
EndProject
Project("{FAE04EC0-301F-11D3-BF4B-00C04F79EFBC}") = "SportsStore.WebUI", "WebUI\SportsStore.WebUI.csproj", "{44172A7E-1AB6-47F2-A085-324373C5FF48}"
EndProject
Project("{FAE04EC0-301F-11D3-BF4B-00C04F79EFBC}") = "SportsStore.UnitTests", "UnitTests\SportsStore.UnitTests.csproj", "{5199E6E4-252C-464A-B69C-426CD0139ED3}"
EndProject
Global
	GlobalSection(SolutionConfigurationPlatforms) = preSolution
		Debug|Any CPU = Debug|Any CPU
		Release|Any CPU = Release|Any CPU
	EndGlobalSection
	GlobalSection(ProjectConfigurationPlatforms) = postSolution
		{C299196E-4CFE-4E5B-851B-EF93ADD614D5}.Debug|Any CPU.ActiveCfg = Debug|Any CPU
		{C299196E-4CFE-4E5B-851B-EF93ADD614D5}.Debug|Any CPU.Build.0 = Debug|Any CPU
		{C299196E-4CFE-4E5B-851B-EF93ADD614D5}.Release|Any CPU.ActiveCfg = Release|Any CPU
		{C299196E-4CFE-4E5B-851B-EF93ADD614D5}.Release|Any CPU.Build.0 = Release|Any CPU
		{44172A7E-1AB6-47F2-A085-324373C5FF48}.Debug|Any CPU.ActiveCfg = Debug|Any CPU
		{44172A7E-1AB6-47F2-A085-324373C5FF48}.Debug|Any CPU.Build.0 = Debug|Any CPU
		{44172A7E-1AB6-47F2-A085-324373C5FF48}.Release|Any CPU.ActiveCfg = Release|Any CPU
		{44172A7E-1AB6-47F2-A085-324373C5FF48}.Release|Any CPU.Build.0 = Release|Any CPU
		{5199E6E4-252C-464A-B69C-426CD0139ED3}.Debug|Any CPU.ActiveCfg = Debug|Any CPU
		{5199E6E4-252C-464A-B69C-426CD0139ED3}.Debug|Any CPU.Build.0 = Debug|Any CPU
		{5199E6E4-252C-464A-B69C-426CD0139ED3}.Release|Any CPU.ActiveCfg = Release|Any CPU
		{5199E6E4-252C-464A-B69C-426CD0139ED3}.Release|Any CPU.Build.0 = Release|Any CPU
	EndGlobalSection
	GlobalSection(SolutionProperties) = preSolution
		HideSolutionNode = FALSE
	EndGlobalSection
EndGlobal
